
Microsoft Visual Studio Solution File, Format Version 12.00
# Visual Studio Version 17
VisualStudioVersion = 17.0.31903.59
MinimumVisualStudioVersion = 10.0.40219.1
Project("{2150E333-8FDC-42A3-9474-1A3956D46DE8}") = "src", "src", "{827E0CD3-B72D-47B6-A68D-7590B98EB39B}"
EndProject
Project("{FAE04EC0-301F-11D3-BF4B-00C04F79EFBC}") = "Domain", "src\Domain\Domain.csproj", "{EEBD137B-A82B-4DA0-9E74-844D27B65C33}"
EndProject
Project("{FAE04EC0-301F-11D3-BF4B-00C04F79EFBC}") = "Application", "src\Application\Application.csproj", "{A8240940-DEA8-4FF9-9485-855CE370BA0E}"
EndProject
Project("{FAE04EC0-301F-11D3-BF4B-00C04F79EFBC}") = "Api", "src\Api\Api.csproj", "{F3593E2B-0557-42C5-8BB0-FED3D9291F85}"
EndProject
Project("{FAE04EC0-301F-11D3-BF4B-00C04F79EFBC}") = "Common", "src\Common\Common.csproj", "{CEC62CCE-99E2-4C3A-9AF9-B905F3E309C0}"
EndProject
Project("{2150E333-8FDC-42A3-9474-1A3956D46DE8}") = "Solution Items", "Solution Items", "{8EC462FD-D22E-90A8-E5CE-7E832BA40C5D}"
	ProjectSection(SolutionItems) = preProject
		README.md = README.md
	EndProjectSection
EndProject
Global
	GlobalSection(SolutionConfigurationPlatforms) = preSolution
		Debug|Any CPU = Debug|Any CPU
		Debug|x64 = Debug|x64
		Debug|x86 = Debug|x86
		Release|Any CPU = Release|Any CPU
		Release|x64 = Release|x64
		Release|x86 = Release|x86
	EndGlobalSection
	GlobalSection(ProjectConfigurationPlatforms) = postSolution
		{EEBD137B-A82B-4DA0-9E74-844D27B65C33}.Debug|Any CPU.ActiveCfg = Debug|Any CPU
		{EEBD137B-A82B-4DA0-9E74-844D27B65C33}.Debug|Any CPU.Build.0 = Debug|Any CPU
		{EEBD137B-A82B-4DA0-9E74-844D27B65C33}.Debug|x64.ActiveCfg = Debug|Any CPU
		{EEBD137B-A82B-4DA0-9E74-844D27B65C33}.Debug|x64.Build.0 = Debug|Any CPU
		{EEBD137B-A82B-4DA0-9E74-844D27B65C33}.Debug|x86.ActiveCfg = Debug|Any CPU
		{EEBD137B-A82B-4DA0-9E74-844D27B65C33}.Debug|x86.Build.0 = Debug|Any CPU
		{EEBD137B-A82B-4DA0-9E74-844D27B65C33}.Release|Any CPU.ActiveCfg = Release|Any CPU
		{EEBD137B-A82B-4DA0-9E74-844D27B65C33}.Release|Any CPU.Build.0 = Release|Any CPU
		{EEBD137B-A82B-4DA0-9E74-844D27B65C33}.Release|x64.ActiveCfg = Release|Any CPU
		{EEBD137B-A82B-4DA0-9E74-844D27B65C33}.Release|x64.Build.0 = Release|Any CPU
		{EEBD137B-A82B-4DA0-9E74-844D27B65C33}.Release|x86.ActiveCfg = Release|Any CPU
		{EEBD137B-A82B-4DA0-9E74-844D27B65C33}.Release|x86.Build.0 = Release|Any CPU
		{A8240940-DEA8-4FF9-9485-855CE370BA0E}.Debug|Any CPU.ActiveCfg = Debug|Any CPU
		{A8240940-DEA8-4FF9-9485-855CE370BA0E}.Debug|Any CPU.Build.0 = Debug|Any CPU
		{A8240940-DEA8-4FF9-9485-855CE370BA0E}.Debug|x64.ActiveCfg = Debug|Any CPU
		{A8240940-DEA8-4FF9-9485-855CE370BA0E}.Debug|x64.Build.0 = Debug|Any CPU
		{A8240940-DEA8-4FF9-9485-855CE370BA0E}.Debug|x86.ActiveCfg = Debug|Any CPU
		{A8240940-DEA8-4FF9-9485-855CE370BA0E}.Debug|x86.Build.0 = Debug|Any CPU
		{A8240940-DEA8-4FF9-9485-855CE370BA0E}.Release|Any CPU.ActiveCfg = Release|Any CPU
		{A8240940-DEA8-4FF9-9485-855CE370BA0E}.Release|Any CPU.Build.0 = Release|Any CPU
		{A8240940-DEA8-4FF9-9485-855CE370BA0E}.Release|x64.ActiveCfg = Release|Any CPU
		{A8240940-DEA8-4FF9-9485-855CE370BA0E}.Release|x64.Build.0 = Release|Any CPU
		{A8240940-DEA8-4FF9-9485-855CE370BA0E}.Release|x86.ActiveCfg = Release|Any CPU
		{A8240940-DEA8-4FF9-9485-855CE370BA0E}.Release|x86.Build.0 = Release|Any CPU
		{F3593E2B-0557-42C5-8BB0-FED3D9291F85}.Debug|Any CPU.ActiveCfg = Debug|Any CPU
		{F3593E2B-0557-42C5-8BB0-FED3D9291F85}.Debug|Any CPU.Build.0 = Debug|Any CPU
		{F3593E2B-0557-42C5-8BB0-FED3D9291F85}.Debug|x64.ActiveCfg = Debug|Any CPU
		{F3593E2B-0557-42C5-8BB0-FED3D9291F85}.Debug|x64.Build.0 = Debug|Any CPU
		{F3593E2B-0557-42C5-8BB0-FED3D9291F85}.Debug|x86.ActiveCfg = Debug|Any CPU
		{F3593E2B-0557-42C5-8BB0-FED3D9291F85}.Debug|x86.Build.0 = Debug|Any CPU
		{F3593E2B-0557-42C5-8BB0-FED3D9291F85}.Release|Any CPU.ActiveCfg = Release|Any CPU
		{F3593E2B-0557-42C5-8BB0-FED3D9291F85}.Release|Any CPU.Build.0 = Release|Any CPU
		{F3593E2B-0557-42C5-8BB0-FED3D9291F85}.Release|x64.ActiveCfg = Release|Any CPU
		{F3593E2B-0557-42C5-8BB0-FED3D9291F85}.Release|x64.Build.0 = Release|Any CPU
		{F3593E2B-0557-42C5-8BB0-FED3D9291F85}.Release|x86.ActiveCfg = Release|Any CPU
		{F3593E2B-0557-42C5-8BB0-FED3D9291F85}.Release|x86.Build.0 = Release|Any CPU
		{CEC62CCE-99E2-4C3A-9AF9-B905F3E309C0}.Debug|Any CPU.ActiveCfg = Debug|Any CPU
		{CEC62CCE-99E2-4C3A-9AF9-B905F3E309C0}.Debug|Any CPU.Build.0 = Debug|Any CPU
		{CEC62CCE-99E2-4C3A-9AF9-B905F3E309C0}.Debug|x64.ActiveCfg = Debug|Any CPU
		{CEC62CCE-99E2-4C3A-9AF9-B905F3E309C0}.Debug|x64.Build.0 = Debug|Any CPU
		{CEC62CCE-99E2-4C3A-9AF9-B905F3E309C0}.Debug|x86.ActiveCfg = Debug|Any CPU
		{CEC62CCE-99E2-4C3A-9AF9-B905F3E309C0}.Debug|x86.Build.0 = Debug|Any CPU
		{CEC62CCE-99E2-4C3A-9AF9-B905F3E309C0}.Release|Any CPU.ActiveCfg = Release|Any CPU
		{CEC62CCE-99E2-4C3A-9AF9-B905F3E309C0}.Release|Any CPU.Build.0 = Release|Any CPU
		{CEC62CCE-99E2-4C3A-9AF9-B905F3E309C0}.Release|x64.ActiveCfg = Release|Any CPU
		{CEC62CCE-99E2-4C3A-9AF9-B905F3E309C0}.Release|x64.Build.0 = Release|Any CPU
		{CEC62CCE-99E2-4C3A-9AF9-B905F3E309C0}.Release|x86.ActiveCfg = Release|Any CPU
		{CEC62CCE-99E2-4C3A-9AF9-B905F3E309C0}.Release|x86.Build.0 = Release|Any CPU
	EndGlobalSection
	GlobalSection(SolutionProperties) = preSolution
		HideSolutionNode = FALSE
	EndGlobalSection
	GlobalSection(NestedProjects) = preSolution
		{EEBD137B-A82B-4DA0-9E74-844D27B65C33} = {827E0CD3-B72D-47B6-A68D-7590B98EB39B}
		{A8240940-DEA8-4FF9-9485-855CE370BA0E} = {827E0CD3-B72D-47B6-A68D-7590B98EB39B}
		{F3593E2B-0557-42C5-8BB0-FED3D9291F85} = {827E0CD3-B72D-47B6-A68D-7590B98EB39B}
		{CEC62CCE-99E2-4C3A-9AF9-B905F3E309C0} = {827E0CD3-B72D-47B6-A68D-7590B98EB39B}
	EndGlobalSection
	GlobalSection(ExtensibilityGlobals) = postSolution
		SolutionGuid = {AB46D0B6-FA64-4FC8-95A9-16EFCA8E4518}
	EndGlobalSection
EndGlobal
